
Microsoft Visual Studio Solution File, Format Version 12.00
# Visual Studio Version 16
VisualStudioVersion = 16.0.28922.388
MinimumVisualStudioVersion = 10.0.40219.1
Project("{888888A0-9F3D-457C-B088-3A5042F75D52}") = "Controller", "Controller.pyproj", "{C3C838FC-74DC-4EB4-9CE0-3BCE499495E7}"
EndProject
Global
	GlobalSection(SolutionConfigurationPlatforms) = preSolution
		Debug|Any CPU = Debug|Any CPU
		Release|Any CPU = Release|Any CPU
	EndGlobalSection
	GlobalSection(ProjectConfigurationPlatforms) = postSolution
		{C3C838FC-74DC-4EB4-9CE0-3BCE499495E7}.Debug|Any CPU.ActiveCfg = Debug|Any CPU
		{C3C838FC-74DC-4EB4-9CE0-3BCE499495E7}.Release|Any CPU.ActiveCfg = Release|Any CPU
	EndGlobalSection
	GlobalSection(SolutionProperties) = preSolution
		HideSolutionNode = FALSE
	EndGlobalSection
	GlobalSection(ExtensibilityGlobals) = postSolution
		SolutionGuid = {18C107CE-64E4-4D0E-95E2-529609157B1E}
	EndGlobalSection
EndGlobal
